# This file is generated by running "yarn install" inside your project.
# Manual changes might be lost - proceed with caution!

__metadata:
  version: 8
  cacheKey: 10c0

"chalk@npm:^5.4.1":
  version: 5.4.1
  resolution: "chalk@npm:5.4.1"
  checksum: 10c0/b23e88132c702f4855ca6d25cb5538b1114343e41472d5263ee8a37cccfccd9c4216d111e1097c6a27830407a1dc81fecdf2a56f2c63033d4dbbd88c10b0dcef
  languageName: node
  linkType: hard

"test-yarn@workspace:.":
  version: 0.0.0-use.local
  resolution: "test-yarn@workspace:."
  dependencies:
    chalk: "npm:^5.4.1"
  languageName: unknown
  linkType: soft
